mod-playerbots|https://github.com/mod-playerbots/mod-playerbots.git|master
mod-ah-bot|https://github.com/azerothcore/mod-ah-bot.git|master
mod-autobalance|https://github.com/azerothcore/mod-autobalance.git|master
mod-solo-lfg|https://github.com/azerothcore/mod-solo-lfg.git|master
mod-transmog|https://github.com/azerothcore/mod-transmog.git|master
