mod-playerbots|https://github.com/mod-playerbots/mod-playerbots.git|master
mod-ah-bot|https://github.com/azerothcore/mod-ah-bot.git|master
mod-autobalance|https://github.com/azerothcore/mod-autobalance.git|master
mod-solo-lfg|https://github.com/azerothcore/mod-solo-lfg.git|master
mod-transmog|https://github.com/azerothcore/mod-transmog.git|master
mod-aoe-loot|https://github.com/azerothcore/mod-aoe-loot.git|master
mod-flightmaster-whistle|https://github.com/silviu20092/mod-flightmaster-whistle.git|master
mod-account-mounts|https://github.com/azerothcore/mod-account-mounts.git|master
mod-world-chat|https://github.com/azerothcore/mod-world-chat.git|master
mod-chat-login|https://github.com/azerothcore/mod-chat-login.git|master
mod-buff-command|https://github.com/azerothcore/mod-buff-command.git|master
mod-quest-loot-party|https://github.com/pangolp/mod-quest-loot-party.git|master
